
Microsoft Visual Studio Solution File, Format Version 11.00
# Visual Studio 2010
Project("{FAE04EC0-301F-11D3-BF4B-00C04F79EFBC}") = "Assembly-CSharp", "Assembly-CSharp.csproj", "{2b9bcc15-078b-b2a4-7839-7bfdc4344bd3}"
EndProject
Project("{FAE04EC0-301F-11D3-BF4B-00C04F79EFBC}") = "Assembly-CSharp-Editor", "Assembly-CSharp-Editor.csproj", "{296cf652-074e-f47f-9ebc-8d30c383f362}"
EndProject
Global
	GlobalSection(SolutionConfigurationPlatforms) = preSolution
		Debug|Any CPU = Debug|Any CPU
		Release|Any CPU = Release|Any CPU
	EndGlobalSection
	GlobalSection(ProjectConfigurationPlatforms) = postSolution
		{2b9bcc15-078b-b2a4-7839-7bfdc4344bd3}.Debug|Any CPU.ActiveCfg = Debug|Any CPU
		{2b9bcc15-078b-b2a4-7839-7bfdc4344bd3}.Debug|Any CPU.Build.0 = Debug|Any CPU
		{2b9bcc15-078b-b2a4-7839-7bfdc4344bd3}.Release|Any CPU.ActiveCfg = Release|Any CPU
		{2b9bcc15-078b-b2a4-7839-7bfdc4344bd3}.Release|Any CPU.Build.0 = Release|Any CPU
		{296cf652-074e-f47f-9ebc-8d30c383f362}.Debug|Any CPU.ActiveCfg = Debug|Any CPU
		{296cf652-074e-f47f-9ebc-8d30c383f362}.Debug|Any CPU.Build.0 = Debug|Any CPU
		{296cf652-074e-f47f-9ebc-8d30c383f362}.Release|Any CPU.ActiveCfg = Release|Any CPU
		{296cf652-074e-f47f-9ebc-8d30c383f362}.Release|Any CPU.Build.0 = Release|Any CPU
	EndGlobalSection
	GlobalSection(SolutionProperties) = preSolution
		HideSolutionNode = FALSE
	EndGlobalSection
EndGlobal
